{
  "requires": true,
  "lockfileVersion": 1,
  "dependencies": {
    "@mapbox/node-pre-gyp": {
      "version": "1.0.9",
      "resolved": "http://artifactory.intra.xiaojukeji.com/artifactory/api/npm/npm/@mapbox/node-pre-gyp/-/node-pre-gyp-1.0.9.tgz?dl=https%3A%2F%2Fregistry.npmmirror.com%2F%40mapbox%2Fnode-pre-gyp%2F-%2Fnode-pre-gyp-1.0.9.tgz",
      "integrity": "sha1-Cah4GjoDYVHN676HGdb4sl1AWLw=",
      "requires": {
        "detect-libc": "^2.0.0",
        "https-proxy-agent": "^5.0.0",
        "make-dir": "^3.1.0",
        "node-fetch": "^2.6.7",
        "nopt": "^5.0.0",
        "npmlog": "^5.0.1",
        "rimraf": "^3.0.2",
        "semver": "^7.3.5",
        "tar": "^6.1.11"
      }
    },
    "@types/node": {
      "version": "18.0.0",
      "resolved": "http://artifactory.intra.xiaojukeji.com/artifactory/api/npm/npm/@types/node/-/node-18.0.0.tgz?dl=https%3A%2F%2Fregistry.npmmirror.com%2F%40types%2Fnode%2F-%2Fnode-18.0.0.tgz",
      "integrity": "sha1-Z8e3JOG83XqIIc4NXuGE07TdUlo=",
      "dev": true
    },
    "@zip.js/zip.js": {
      "version": "2.4.12",
      "resolved": "http://artifactory.intra.xiaojukeji.com/artifactory/api/npm/npm/@zip.js/zip.js/-/zip.js-2.4.12.tgz?dl=https%3A%2F%2Fregistry.npmmirror.com%2F%40zip.js%2Fzip.js%2F-%2Fzip.js-2.4.12.tgz",
      "integrity": "sha1-HmvOReaYaUSewrTYADULOqlRIHY="
    },
    "abbrev": {
      "version": "1.1.1",
      "resolved": "http://artifactory.intra.xiaojukeji.com/artifactory/api/npm/npm/abbrev/-/abbrev-1.1.1.tgz?dl=https%3A%2F%2Fregistry.npmmirror.com%2Fabbrev%2F-%2Fabbrev-1.1.1.tgz",
      "integrity": "sha1-+PLIh60Qv2f2NPAFtph/7TF5qsg="
    },
    "agent-base": {
      "version": "6.0.2",
      "resolved": "http://artifactory.intra.xiaojukeji.com/artifactory/api/npm/npm/agent-base/-/agent-base-6.0.2.tgz?dl=https%3A%2F%2Fregistry.npmmirror.com%2Fagent-base%2F-%2Fagent-base-6.0.2.tgz",
      "integrity": "sha1-Sf/1hXfP7j83F2/qtMIuAPhtf3c=",
      "requires": {
        "debug": "4"
      }
    },
    "ansi-regex": {
      "version": "5.0.1",
      "resolved": "http://artifactory.intra.xiaojukeji.com/artifactory/api/npm/npm/ansi-regex/-/ansi-regex-5.0.1.tgz?dl=https%3A%2F%2Fregistry.npmmirror.com%2Fansi-regex%2F-%2Fansi-regex-5.0.1.tgz",
      "integrity": "sha1-CCyyyJyf6GWaMRpTvWpNxTAdswQ="
    },
    "aproba": {
      "version": "2.0.0",
      "resolved": "http://artifactory.intra.xiaojukeji.com/artifactory/api/npm/npm/aproba/-/aproba-2.0.0.tgz?dl=https%3A%2F%2Fregistry.npmmirror.com%2Faproba%2F-%2Faproba-2.0.0.tgz",
      "integrity": "sha1-UlILiuW1aSFbNU78DKo/4eRaitw="
    },
    "are-we-there-yet": {
      "version": "2.0.0",
      "resolved": "http://artifactory.intra.xiaojukeji.com/artifactory/api/npm/npm/are-we-there-yet/-/are-we-there-yet-2.0.0.tgz?dl=https%3A%2F%2Fregistry.npmmirror.com%2Fare-we-there-yet%2F-%2Fare-we-there-yet-2.0.0.tgz",
      "integrity": "sha1-Ny4Oe9J52OlMZTqqH2cgCIS/Phw=",
      "requires": {
        "delegates": "^1.0.0",
        "readable-stream": "^3.6.0"
      }
    },
    "balanced-match": {
      "version": "1.0.2",
      "resolved": "http://artifactory.intra.xiaojukeji.com/artifactory/api/npm/npm/balanced-match/-/balanced-match-1.0.2.tgz?dl=https%3A%2F%2Fregistry.npmmirror.com%2Fbalanced-match%2F-%2Fbalanced-match-1.0.2.tgz",
      "integrity": "sha1-6D46fj8wCzTLnYf2FfoMvzV2kO4="
    },
    "brace-expansion": {
      "version": "1.1.11",
      "resolved": "http://artifactory.intra.xiaojukeji.com/artifactory/api/npm/npm/brace-expansion/-/brace-expansion-1.1.11.tgz?dl=https%3A%2F%2Fregistry.npmmirror.com%2Fbrace-expansion%2F-%2Fbrace-expansion-1.1.11.tgz",
      "integrity": "sha1-PH/L9SnYcibz0vUrlm/1Jx60Qd0=",
      "requires": {
        "balanced-match": "^1.0.0",
        "concat-map": "0.0.1"
      }
    },
    "canvas": {
      "version": "2.9.1",
      "resolved": "http://artifactory.intra.xiaojukeji.com/artifactory/api/npm/npm/canvas/-/canvas-2.9.1.tgz?dl=https%3A%2F%2Fregistry.npmmirror.com%2Fcanvas%2F-%2Fcanvas-2.9.1.tgz",
      "integrity": "sha1-WOyEHLo2zvBnW8enTr0VYfC0drA=",
      "requires": {
        "@mapbox/node-pre-gyp": "^1.0.0",
        "nan": "^2.15.0",
        "simple-get": "^3.0.3"
      }
    },
    "canvaskit-wasm": {
      "version": "0.34.1",
      "resolved": "http://artifactory.intra.xiaojukeji.com/artifactory/api/npm/npm/canvaskit-wasm/-/canvaskit-wasm-0.34.1.tgz?dl=https%3A%2F%2Fregistry.npmmirror.com%2Fcanvaskit-wasm%2F-%2Fcanvaskit-wasm-0.34.1.tgz",
      "integrity": "sha1-3IpMA3jpLZVBvoud0cSr5pNUz00="
    },
    "chownr": {
      "version": "2.0.0",
      "resolved": "http://artifactory.intra.xiaojukeji.com/artifactory/api/npm/npm/chownr/-/chownr-2.0.0.tgz?dl=https%3A%2F%2Fregistry.npmmirror.com%2Fchownr%2F-%2Fchownr-2.0.0.tgz",
      "integrity": "sha1-Fb++U9LqtM9w8YqM1o6+Wzyx3s4="
    },
    "color-support": {
      "version": "1.1.3",
      "resolved": "http://artifactory.intra.xiaojukeji.com/artifactory/api/npm/npm/color-support/-/color-support-1.1.3.tgz?dl=https%3A%2F%2Fregistry.npmmirror.com%2Fcolor-support%2F-%2Fcolor-support-1.1.3.tgz",
      "integrity": "sha1-k4NDeaHMmgxh+C9S8NBDIiUb1aI="
    },
    "concat-map": {
      "version": "0.0.1",
      "resolved": "http://artifactory.intra.xiaojukeji.com/artifactory/api/npm/npm/concat-map/-/concat-map-0.0.1.tgz?dl=https%3A%2F%2Fregistry.npmmirror.com%2Fconcat-map%2F-%2Fconcat-map-0.0.1.tgz",
      "integrity": "sha1-2Klr13/Wjfd5OnMDajug1UBdR3s="
    },
    "console-control-strings": {
      "version": "1.1.0",
      "resolved": "http://artifactory.intra.xiaojukeji.com/artifactory/api/npm/npm/console-control-strings/-/console-control-strings-1.1.0.tgz?dl=https%3A%2F%2Fregistry.npmmirror.com%2Fconsole-control-strings%2F-%2Fconsole-control-strings-1.1.0.tgz",
      "integrity": "sha1-PXz0Rk22RG6mRL9LOVB/mFEAjo4="
    },
    "debug": {
      "version": "4.3.4",
      "resolved": "http://artifactory.intra.xiaojukeji.com/artifactory/api/npm/npm/debug/-/debug-4.3.4.tgz?dl=https%3A%2F%2Fregistry.npmmirror.com%2Fdebug%2F-%2Fdebug-4.3.4.tgz",
      "integrity": "sha1-Exn2V5NX8jONMzfSzdSRS7XcyGU=",
      "requires": {
        "ms": "2.1.2"
      }
    },
    "decompress-response": {
      "version": "4.2.1",
      "resolved": "http://artifactory.intra.xiaojukeji.com/artifactory/api/npm/npm/decompress-response/-/decompress-response-4.2.1.tgz?dl=https%3A%2F%2Fregistry.npmmirror.com%2Fdecompress-response%2F-%2Fdecompress-response-4.2.1.tgz",
      "integrity": "sha1-QUAjzHowLaJc4uyC0NUjjMr9iYY=",
      "requires": {
        "mimic-response": "^2.0.0"
      }
    },
    "delegates": {
      "version": "1.0.0",
      "resolved": "http://artifactory.intra.xiaojukeji.com/artifactory/api/npm/npm/delegates/-/delegates-1.0.0.tgz?dl=https%3A%2F%2Fregistry.npmmirror.com%2Fdelegates%2F-%2Fdelegates-1.0.0.tgz",
      "integrity": "sha1-hMbhWbgZBP3KWaDvRM2HDTElD5o="
    },
    "detect-libc": {
      "version": "2.0.1",
      "resolved": "http://artifactory.intra.xiaojukeji.com/artifactory/api/npm/npm/detect-libc/-/detect-libc-2.0.1.tgz?dl=https%3A%2F%2Fregistry.npmmirror.com%2Fdetect-libc%2F-%2Fdetect-libc-2.0.1.tgz",
      "integrity": "sha1-4Yl6qI+mrRl4YpN/vARB7zUu4M0="
    },
    "emoji-regex": {
      "version": "8.0.0",
      "resolved": "http://artifactory.intra.xiaojukeji.com/artifactory/api/npm/npm/emoji-regex/-/emoji-regex-8.0.0.tgz?dl=https%3A%2F%2Fregistry.npmmirror.com%2Femoji-regex%2F-%2Femoji-regex-8.0.0.tgz",
      "integrity": "sha1-6Bj9ac5cz8tARZT4QpY79TFkzDc="
    },
    "fs-minipass": {
      "version": "2.1.0",
      "resolved": "http://artifactory.intra.xiaojukeji.com/artifactory/api/npm/npm/fs-minipass/-/fs-minipass-2.1.0.tgz?dl=https%3A%2F%2Fregistry.npmmirror.com%2Ffs-minipass%2F-%2Ffs-minipass-2.1.0.tgz",
      "integrity": "sha1-f1A2/b8SxjwWkZDL5BmchSJx+fs=",
      "requires": {
        "minipass": "^3.0.0"
      }
    },
    "fs.realpath": {
      "version": "1.0.0",
      "resolved": "http://artifactory.intra.xiaojukeji.com/artifactory/api/npm/npm/fs.realpath/-/fs.realpath-1.0.0.tgz?dl=https%3A%2F%2Fregistry.npmmirror.com%2Ffs.realpath%2F-%2Ffs.realpath-1.0.0.tgz",
      "integrity": "sha1-FQStJSMVjKpA20onh8sBQRmU6k8="
    },
    "gauge": {
      "version": "3.0.2",
      "resolved": "http://artifactory.intra.xiaojukeji.com/artifactory/api/npm/npm/gauge/-/gauge-3.0.2.tgz?dl=https%3A%2F%2Fregistry.npmmirror.com%2Fgauge%2F-%2Fgauge-3.0.2.tgz",
      "integrity": "sha1-A79EQcBEODkIvPoGVq2RgDJZs5U=",
      "requires": {
        "aproba": "^1.0.3 || ^2.0.0",
        "color-support": "^1.1.2",
        "console-control-strings": "^1.0.0",
        "has-unicode": "^2.0.1",
        "object-assign": "^4.1.1",
        "signal-exit": "^3.0.0",
        "string-width": "^4.2.3",
        "strip-ansi": "^6.0.1",
        "wide-align": "^1.1.2"
      }
    },
    "glob": {
      "version": "7.2.3",
      "resolved": "http://artifactory.intra.xiaojukeji.com/artifactory/api/npm/npm/glob/-/glob-7.2.3.tgz?dl=https%3A%2F%2Fregistry.npmmirror.com%2Fglob%2F-%2Fglob-7.2.3.tgz",
      "integrity": "sha1-uN8PuAK7+o6JvR2Ti04WV47UTys=",
      "requires": {
        "fs.realpath": "^1.0.0",
        "inflight": "^1.0.4",
        "inherits": "2",
        "minimatch": "^3.1.1",
        "once": "^1.3.0",
        "path-is-absolute": "^1.0.0"
      }
    },
    "has-unicode": {
      "version": "2.0.1",
      "resolved": "http://artifactory.intra.xiaojukeji.com/artifactory/api/npm/npm/has-unicode/-/has-unicode-2.0.1.tgz?dl=https%3A%2F%2Fregistry.npmmirror.com%2Fhas-unicode%2F-%2Fhas-unicode-2.0.1.tgz",
      "integrity": "sha1-4Ob+aijPUROIVeCG0Wkedx3iqLk="
    },
    "https-proxy-agent": {
      "version": "5.0.1",
      "resolved": "http://artifactory.intra.xiaojukeji.com/artifactory/api/npm/npm/https-proxy-agent/-/https-proxy-agent-5.0.1.tgz?dl=https%3A%2F%2Fregistry.npmmirror.com%2Fhttps-proxy-agent%2F-%2Fhttps-proxy-agent-5.0.1.tgz",
      "integrity": "sha1-xZ7yJKBP6LdU89sAY6Jeow0ABdY=",
      "requires": {
        "agent-base": "6",
        "debug": "4"
      }
    },
    "inflight": {
      "version": "1.0.6",
      "resolved": "http://artifactory.intra.xiaojukeji.com/artifactory/api/npm/npm/inflight/-/inflight-1.0.6.tgz?dl=https%3A%2F%2Fregistry.npmmirror.com%2Finflight%2F-%2Finflight-1.0.6.tgz",
      "integrity": "sha1-Sb1jMdfQLQwJvJEKEHW6gWW1bfk=",
      "requires": {
        "once": "^1.3.0",
        "wrappy": "1"
      }
    },
    "inherits": {
      "version": "2.0.4",
      "resolved": "http://artifactory.intra.xiaojukeji.com/artifactory/api/npm/npm/inherits/-/inherits-2.0.4.tgz?dl=https%3A%2F%2Fregistry.npmmirror.com%2Finherits%2F-%2Finherits-2.0.4.tgz",
      "integrity": "sha1-D6LGT5MpF8NDOg3tVTY6rjdBa3w="
    },
    "is-fullwidth-code-point": {
      "version": "3.0.0",
      "resolved": "http://artifactory.intra.xiaojukeji.com/artifactory/api/npm/npm/is-fullwidth-code-point/-/is-fullwidth-code-point-3.0.0.tgz?dl=https%3A%2F%2Fregistry.npmmirror.com%2Fis-fullwidth-code-point%2F-%2Fis-fullwidth-code-point-3.0.0.tgz",
      "integrity": "sha1-8Rb4Bk/pCz94RKOJl8C3UFEmnx0="
    },
    "lru-cache": {
      "version": "6.0.0",
      "resolved": "http://artifactory.intra.xiaojukeji.com/artifactory/api/npm/npm/lru-cache/-/lru-cache-6.0.0.tgz?dl=https%3A%2F%2Fregistry.npmmirror.com%2Flru-cache%2F-%2Flru-cache-6.0.0.tgz",
      "integrity": "sha1-bW/mVw69lqr5D8rR2vo7JWbbOpQ=",
      "requires": {
        "yallist": "^4.0.0"
      }
    },
    "make-dir": {
      "version": "3.1.0",
      "resolved": "http://artifactory.intra.xiaojukeji.com/artifactory/api/npm/npm/make-dir/-/make-dir-3.1.0.tgz?dl=https%3A%2F%2Fregistry.npmmirror.com%2Fmake-dir%2F-%2Fmake-dir-3.1.0.tgz",
      "integrity": "sha1-QV6WcEazp/HRhSd9hKpYIDcmoT8=",
      "requires": {
        "semver": "^6.0.0"
      },
      "dependencies": {
        "semver": {
          "version": "6.3.0",
          "resolved": "http://artifactory.intra.xiaojukeji.com/artifactory/api/npm/npm/semver/-/semver-6.3.0.tgz?dl=https%3A%2F%2Fregistry.npmmirror.com%2Fsemver%2F-%2Fsemver-6.3.0.tgz",
          "integrity": "sha1-7gpkyK9ejO6mdoexM3YeG+y9HT0="
        }
      }
    },
    "mimic-response": {
      "version": "2.1.0",
      "resolved": "http://artifactory.intra.xiaojukeji.com/artifactory/api/npm/npm/mimic-response/-/mimic-response-2.1.0.tgz?dl=https%3A%2F%2Fregistry.npmmirror.com%2Fmimic-response%2F-%2Fmimic-response-2.1.0.tgz",
      "integrity": "sha1-0Tdj019hPQnsN+uzC6wEacDuj0M="
    },
    "minimatch": {
      "version": "3.1.2",
      "resolved": "http://artifactory.intra.xiaojukeji.com/artifactory/api/npm/npm/minimatch/-/minimatch-3.1.2.tgz?dl=https%3A%2F%2Fregistry.npmmirror.com%2Fminimatch%2F-%2Fminimatch-3.1.2.tgz",
      "integrity": "sha1-Gc0ZS/0+Qo8EmnCBfAONiatL41s=",
      "requires": {
        "brace-expansion": "^1.1.7"
      }
    },
    "minipass": {
      "version": "3.3.3",
      "resolved": "http://artifactory.intra.xiaojukeji.com/artifactory/api/npm/npm/minipass/-/minipass-3.3.3.tgz?dl=https%3A%2F%2Fregistry.npmmirror.com%2Fminipass%2F-%2Fminipass-3.3.3.tgz",
      "integrity": "sha1-/R8ObAZEnBDa3acmGLWcAPPWN40=",
      "requires": {
        "yallist": "^4.0.0"
      }
    },
    "minizlib": {
      "version": "2.1.2",
      "resolved": "http://artifactory.intra.xiaojukeji.com/artifactory/api/npm/npm/minizlib/-/minizlib-2.1.2.tgz?dl=https%3A%2F%2Fregistry.npmmirror.com%2Fminizlib%2F-%2Fminizlib-2.1.2.tgz",
      "integrity": "sha1-6Q00Zrogm5MkUVCKEc49NjIUWTE=",
      "requires": {
        "minipass": "^3.0.0",
        "yallist": "^4.0.0"
      }
    },
    "mkdirp": {
      "version": "1.0.4",
      "resolved": "http://artifactory.intra.xiaojukeji.com/artifactory/api/npm/npm/mkdirp/-/mkdirp-1.0.4.tgz?dl=https%3A%2F%2Fregistry.npmmirror.com%2Fmkdirp%2F-%2Fmkdirp-1.0.4.tgz",
      "integrity": "sha1-PrXtYmInVteaXw4qIh3+utdcL34="
    },
    "ms": {
      "version": "2.1.2",
      "resolved": "http://artifactory.intra.xiaojukeji.com/artifactory/api/npm/npm/ms/-/ms-2.1.2.tgz?dl=https%3A%2F%2Fregistry.npmmirror.com%2Fms%2F-%2Fms-2.1.2.tgz",
      "integrity": "sha1-0J0fNXtEP0kzgqjrPM0YOHKuYAk="
    },
    "nan": {
      "version": "2.16.0",
      "resolved": "http://artifactory.intra.xiaojukeji.com/artifactory/api/npm/npm/nan/-/nan-2.16.0.tgz?dl=https%3A%2F%2Fregistry.npmmirror.com%2Fnan%2F-%2Fnan-2.16.0.tgz",
      "integrity": "sha1-Zk9D5FRg+5j68A7coLsNe43OeRY="
    },
    "node-fetch": {
      "version": "2.6.7",
      "resolved": "http://artifactory.intra.xiaojukeji.com/artifactory/api/npm/npm/node-fetch/-/node-fetch-2.6.7.tgz?dl=https%3A%2F%2Fregistry.npmmirror.com%2Fnode-fetch%2F-%2Fnode-fetch-2.6.7.tgz",
      "integrity": "sha1-JN6fuoJ+O0rkTciyAlajeRYAUq0=",
      "requires": {
        "whatwg-url": "^5.0.0"
      }
    },
    "nopt": {
      "version": "5.0.0",
      "resolved": "http://artifactory.intra.xiaojukeji.com/artifactory/api/npm/npm/nopt/-/nopt-5.0.0.tgz?dl=https%3A%2F%2Fregistry.npmmirror.com%2Fnopt%2F-%2Fnopt-5.0.0.tgz",
      "integrity": "sha1-UwlCu1ilEvzK/lP+IQ8TolNV3Ig=",
      "requires": {
        "abbrev": "1"
      }
    },
    "npmlog": {
      "version": "5.0.1",
      "resolved": "http://artifactory.intra.xiaojukeji.com/artifactory/api/npm/npm/npmlog/-/npmlog-5.0.1.tgz?dl=https%3A%2F%2Fregistry.npmmirror.com%2Fnpmlog%2F-%2Fnpmlog-5.0.1.tgz",
      "integrity": "sha1-8GZ46A4pQZrWerlk4PpplZweuLA=",
      "requires": {
        "are-we-there-yet": "^2.0.0",
        "console-control-strings": "^1.1.0",
        "gauge": "^3.0.0",
        "set-blocking": "^2.0.0"
      }
    },
    "object-assign": {
      "version": "4.1.1",
      "resolved": "http://artifactory.intra.xiaojukeji.com/artifactory/api/npm/npm/object-assign/-/object-assign-4.1.1.tgz?dl=https%3A%2F%2Fregistry.npmmirror.com%2Fobject-assign%2F-%2Fobject-assign-4.1.1.tgz",
      "integrity": "sha1-IQmtx5ZYh8/AXLvUQsrIv7s2CGM="
    },
    "once": {
      "version": "1.4.0",
      "resolved": "http://artifactory.intra.xiaojukeji.com/artifactory/api/npm/npm/once/-/once-1.4.0.tgz?dl=https%3A%2F%2Fregistry.npmmirror.com%2Fonce%2F-%2Fonce-1.4.0.tgz",
      "integrity": "sha1-WDsap3WWHUsROsF9nFC6753Xa9E=",
      "requires": {
        "wrappy": "1"
      }
    },
    "path-is-absolute": {
      "version": "1.0.1",
      "resolved": "http://artifactory.intra.xiaojukeji.com/artifactory/api/npm/npm/path-is-absolute/-/path-is-absolute-1.0.1.tgz?dl=https%3A%2F%2Fregistry.npmmirror.com%2Fpath-is-absolute%2F-%2Fpath-is-absolute-1.0.1.tgz",
      "integrity": "sha1-F0uSaHNVNP+8es5r9TpanhtcX18="
    },
    "readable-stream": {
      "version": "3.6.0",
      "resolved": "http://artifactory.intra.xiaojukeji.com/artifactory/api/npm/npm/readable-stream/-/readable-stream-3.6.0.tgz?dl=https%3A%2F%2Fregistry.npmmirror.com%2Freadable-stream%2F-%2Freadable-stream-3.6.0.tgz",
      "integrity": "sha1-M3u9o63AcGvT4CRCaihtS0sskZg=",
      "requires": {
        "inherits": "^2.0.3",
        "string_decoder": "^1.1.1",
        "util-deprecate": "^1.0.1"
      }
    },
    "rimraf": {
      "version": "3.0.2",
      "resolved": "http://artifactory.intra.xiaojukeji.com/artifactory/api/npm/npm/rimraf/-/rimraf-3.0.2.tgz?dl=https%3A%2F%2Fregistry.npmmirror.com%2Frimraf%2F-%2Frimraf-3.0.2.tgz",
      "integrity": "sha1-8aVAK6YiCtUswSgrrBrjqkn9Bho=",
      "requires": {
        "glob": "^7.1.3"
      }
    },
    "rxjs": {
      "version": "7.5.5",
      "resolved": "http://artifactory.intra.xiaojukeji.com/artifactory/api/npm/npm/rxjs/-/rxjs-7.5.5.tgz?dl=https%3A%2F%2Fregistry.npmmirror.com%2Frxjs%2F-%2Frxjs-7.5.5.tgz",
      "integrity": "sha1-LrrYmvD1YPRgrVzEITIZ4ffdTp8=",
      "requires": {
        "tslib": "^2.1.0"
      }
    },
    "safe-buffer": {
      "version": "5.2.1",
      "resolved": "http://artifactory.intra.xiaojukeji.com/artifactory/api/npm/npm/safe-buffer/-/safe-buffer-5.2.1.tgz?dl=https%3A%2F%2Fregistry.npmmirror.com%2Fsafe-buffer%2F-%2Fsafe-buffer-5.2.1.tgz",
      "integrity": "sha1-Hq+fqb2x/dTsdfWPnNtOa3gn7sY="
    },
    "semver": {
      "version": "7.3.7",
      "resolved": "http://artifactory.intra.xiaojukeji.com/artifactory/api/npm/npm/semver/-/semver-7.3.7.tgz?dl=https%3A%2F%2Fregistry.npmmirror.com%2Fsemver%2F-%2Fsemver-7.3.7.tgz",
      "integrity": "sha1-EsW2Sa/b+QSXB3luIqQCiBTOUj8=",
      "requires": {
        "lru-cache": "^6.0.0"
      }
    },
    "set-blocking": {
      "version": "2.0.0",
      "resolved": "http://artifactory.intra.xiaojukeji.com/artifactory/api/npm/npm/set-blocking/-/set-blocking-2.0.0.tgz?dl=https%3A%2F%2Fregistry.npmmirror.com%2Fset-blocking%2F-%2Fset-blocking-2.0.0.tgz",
      "integrity": "sha1-BF+XgtARrppoA93TgrJDkrPYkPc="
    },
    "signal-exit": {
      "version": "3.0.7",
      "resolved": "http://artifactory.intra.xiaojukeji.com/artifactory/api/npm/npm/signal-exit/-/signal-exit-3.0.7.tgz?dl=https%3A%2F%2Fregistry.npmmirror.com%2Fsignal-exit%2F-%2Fsignal-exit-3.0.7.tgz",
      "integrity": "sha1-qaF2f4r4QVURTqq9c/mSc8j1mtk="
    },
    "simple-concat": {
      "version": "1.0.1",
      "resolved": "http://artifactory.intra.xiaojukeji.com/artifactory/api/npm/npm/simple-concat/-/simple-concat-1.0.1.tgz?dl=https%3A%2F%2Fregistry.npmmirror.com%2Fsimple-concat%2F-%2Fsimple-concat-1.0.1.tgz",
      "integrity": "sha1-9Gl2CCujXCJj8cirXt/ibEHJVS8="
    },
    "simple-get": {
      "version": "3.1.1",
      "resolved": "http://artifactory.intra.xiaojukeji.com/artifactory/api/npm/npm/simple-get/-/simple-get-3.1.1.tgz?dl=https%3A%2F%2Fregistry.npmmirror.com%2Fsimple-get%2F-%2Fsimple-get-3.1.1.tgz",
      "integrity": "sha1-zHunfPvnYQNvv849AhryX8VYTVU=",
      "requires": {
        "decompress-response": "^4.2.0",
        "once": "^1.3.1",
        "simple-concat": "^1.0.0"
      }
    },
    "string-width": {
      "version": "4.2.3",
      "resolved": "http://artifactory.intra.xiaojukeji.com/artifactory/api/npm/npm/string-width/-/string-width-4.2.3.tgz?dl=https%3A%2F%2Fregistry.npmmirror.com%2Fstring-width%2F-%2Fstring-width-4.2.3.tgz",
      "integrity": "sha1-JpxxF9J7Ba0uU2gwqOyJXvnG0BA=",
      "requires": {
        "emoji-regex": "^8.0.0",
        "is-fullwidth-code-point": "^3.0.0",
        "strip-ansi": "^6.0.1"
      }
    },
    "string_decoder": {
      "version": "1.3.0",
      "resolved": "http://artifactory.intra.xiaojukeji.com/artifactory/api/npm/npm/string_decoder/-/string_decoder-1.3.0.tgz?dl=https%3A%2F%2Fregistry.npmmirror.com%2Fstring_decoder%2F-%2Fstring_decoder-1.3.0.tgz",
      "integrity": "sha1-QvEUWUpGzxqOMLCoT1bHjD7awh4=",
      "requires": {
        "safe-buffer": "~5.2.0"
      }
    },
    "strip-ansi": {
      "version": "6.0.1",
      "resolved": "http://artifactory.intra.xiaojukeji.com/artifactory/api/npm/npm/strip-ansi/-/strip-ansi-6.0.1.tgz?dl=https%3A%2F%2Fregistry.npmmirror.com%2Fstrip-ansi%2F-%2Fstrip-ansi-6.0.1.tgz",
      "integrity": "sha1-nibGPTD1NEPpSJSVshBdN7Z6hdk=",
      "requires": {
        "ansi-regex": "^5.0.1"
      }
    },
    "tar": {
      "version": "6.1.11",
      "resolved": "http://artifactory.intra.xiaojukeji.com/artifactory/api/npm/npm/tar/-/tar-6.1.11.tgz?dl=https%3A%2F%2Fregistry.npmmirror.com%2Ftar%2F-%2Ftar-6.1.11.tgz",
      "integrity": "sha1-Z2CjjwA6+hsv/Q/+npq70Oqz1iE=",
      "requires": {
        "chownr": "^2.0.0",
        "fs-minipass": "^2.0.0",
        "minipass": "^3.0.0",
        "minizlib": "^2.1.1",
        "mkdirp": "^1.0.3",
        "yallist": "^4.0.0"
      }
    },
    "tr46": {
      "version": "0.0.3",
      "resolved": "http://artifactory.intra.xiaojukeji.com/artifactory/api/npm/npm/tr46/-/tr46-0.0.3.tgz?dl=https%3A%2F%2Fregistry.npmmirror.com%2Ftr46%2F-%2Ftr46-0.0.3.tgz",
      "integrity": "sha1-gYT9NH2snNwYWZLzpmIuFLnZq2o="
    },
    "tslib": {
      "version": "2.4.0",
      "resolved": "http://artifactory.intra.xiaojukeji.com/artifactory/api/npm/npm/tslib/-/tslib-2.4.0.tgz?dl=https%3A%2F%2Fregistry.npmmirror.com%2Ftslib%2F-%2Ftslib-2.4.0.tgz",
      "integrity": "sha1-fOyqfwc85oCgWEeqd76UEJjzbcM="
    },
    "util-deprecate": {
      "version": "1.0.2",
      "resolved": "http://artifactory.intra.xiaojukeji.com/artifactory/api/npm/npm/util-deprecate/-/util-deprecate-1.0.2.tgz?dl=https%3A%2F%2Fregistry.npmmirror.com%2Futil-deprecate%2F-%2Futil-deprecate-1.0.2.tgz",
      "integrity": "sha1-RQ1Nyfpw3nMnYvvS1KKJgUGaDM8="
    },
    "webidl-conversions": {
      "version": "3.0.1",
      "resolved": "http://artifactory.intra.xiaojukeji.com/artifactory/api/npm/npm/webidl-conversions/-/webidl-conversions-3.0.1.tgz?dl=https%3A%2F%2Fregistry.npmmirror.com%2Fwebidl-conversions%2F-%2Fwebidl-conversions-3.0.1.tgz",
      "integrity": "sha1-JFNCdeKnvGvnvIZhHMFq4KVlSHE="
    },
    "whatwg-url": {
      "version": "5.0.0",
      "resolved": "http://artifactory.intra.xiaojukeji.com/artifactory/api/npm/npm/whatwg-url/-/whatwg-url-5.0.0.tgz?dl=https%3A%2F%2Fregistry.npmmirror.com%2Fwhatwg-url%2F-%2Fwhatwg-url-5.0.0.tgz",
      "integrity": "sha1-lmRU6HZUYuN2RNNib2dCzotwll0=",
      "requires": {
        "tr46": "~0.0.3",
        "webidl-conversions": "^3.0.0"
      }
    },
    "wide-align": {
      "version": "1.1.5",
      "resolved": "http://artifactory.intra.xiaojukeji.com/artifactory/api/npm/npm/wide-align/-/wide-align-1.1.5.tgz?dl=https%3A%2F%2Fregistry.npmmirror.com%2Fwide-align%2F-%2Fwide-align-1.1.5.tgz",
      "integrity": "sha1-3x1MIGhUNp7PPJpImPGyP72dFdM=",
      "requires": {
        "string-width": "^1.0.2 || 2 || 3 || 4"
      }
    },
    "wrappy": {
      "version": "1.0.2",
      "resolved": "http://artifactory.intra.xiaojukeji.com/artifactory/api/npm/npm/wrappy/-/wrappy-1.0.2.tgz?dl=https%3A%2F%2Fregistry.npmmirror.com%2Fwrappy%2F-%2Fwrappy-1.0.2.tgz",
      "integrity": "sha1-tSQ9jz7BqjXxNkYFvA0QNuMKtp8="
    },
    "yallist": {
      "version": "4.0.0",
      "resolved": "http://artifactory.intra.xiaojukeji.com/artifactory/api/npm/npm/yallist/-/yallist-4.0.0.tgz?dl=https%3A%2F%2Fregistry.npmmirror.com%2Fyallist%2F-%2Fyallist-4.0.0.tgz",
      "integrity": "sha1-m7knkNnA7/7GO+c1GeEaNQGaOnI="
    }
  }
}
